// !$*UTF8*$!
{
	archiveVersion = 1;
	classes = {
	};
	objectVersion = 56;
	objects = {

/* Begin PBXBuildFile section */
		A36E154E28FA435700239E22 /* eduSafeApp.swift in Sources */ = {isa = PBXBuildFile; fileRef = A36E154D28FA435700239E22 /* eduSafeApp.swift */; };
		A36E155228FA435800239E22 /* Assets.xcassets in Resources */ = {isa = PBXBuildFile; fileRef = A36E155128FA435800239E22 /* Assets.xcassets */; };
		A36E155528FA435800239E22 /* Preview Assets.xcassets in Resources */ = {isa = PBXBuildFile; fileRef = A36E155428FA435800239E22 /* Preview Assets.xcassets */; };
		A3891E8D28FA478B00CEB435 /* LoginScreen.swift in Sources */ = {isa = PBXBuildFile; fileRef = A3891E8C28FA478B00CEB435 /* LoginScreen.swift */; };
		A3891E8F28FA4A2F00CEB435 /* UserViewModel.swift in Sources */ = {isa = PBXBuildFile; fileRef = A3891E8E28FA4A2F00CEB435 /* UserViewModel.swift */; };
		A3891E9128FA4A8400CEB435 /* User.swift in Sources */ = {isa = PBXBuildFile; fileRef = A3891E9028FA4A8400CEB435 /* User.swift */; };
		A3891E9328FA4B2500CEB435 /* PopUpScreen.swift in Sources */ = {isa = PBXBuildFile; fileRef = A3891E9228FA4B2500CEB435 /* PopUpScreen.swift */; };
		A3891E9528FA4C9F00CEB435 /* GoogleService-Info.plist in Resources */ = {isa = PBXBuildFile; fileRef = A3891E9428FA4C9F00CEB435 /* GoogleService-Info.plist */; };
		A3891E9828FA4DC700CEB435 /* FirebaseAuth in Frameworks */ = {isa = PBXBuildFile; productRef = A3891E9728FA4DC700CEB435 /* FirebaseAuth */; };
		A3891E9A28FA4DC700CEB435 /* FirebaseFirestore in Frameworks */ = {isa = PBXBuildFile; productRef = A3891E9928FA4DC700CEB435 /* FirebaseFirestore */; };
		A3891E9C28FA4DC700CEB435 /* FirebaseFirestoreSwift in Frameworks */ = {isa = PBXBuildFile; productRef = A3891E9B28FA4DC700CEB435 /* FirebaseFirestoreSwift */; };
		D5F2DC4428FAF5930045D51D /* School.swift in Sources */ = {isa = PBXBuildFile; fileRef = D5F2DC4328FAF5930045D51D /* School.swift */; };
		D5F2DC4628FAF85D0045D51D /* SchoolViewModel.swift in Sources */ = {isa = PBXBuildFile; fileRef = D5F2DC4528FAF85D0045D51D /* SchoolViewModel.swift */; };
/* End PBXBuildFile section */

/* Begin PBXFileReference section */
		A36E154A28FA435700239E22 /* eduSafe.app */ = {isa = PBXFileReference; explicitFileType = wrapper.application; includeInIndex = 0; path = eduSafe.app; sourceTree = BUILT_PRODUCTS_DIR; };
		A36E154D28FA435700239E22 /* eduSafeApp.swift */ = {isa = PBXFileReference; lastKnownFileType = sourcecode.swift; path = eduSafeApp.swift; sourceTree = "<group>"; };
		A36E155128FA435800239E22 /* Assets.xcassets */ = {isa = PBXFileReference; lastKnownFileType = folder.assetcatalog; path = Assets.xcassets; sourceTree = "<group>"; };
		A36E155428FA435800239E22 /* Preview Assets.xcassets */ = {isa = PBXFileReference; lastKnownFileType = folder.assetcatalog; path = "Preview Assets.xcassets"; sourceTree = "<group>"; };
		A3891E8C28FA478B00CEB435 /* LoginScreen.swift */ = {isa = PBXFileReference; lastKnownFileType = sourcecode.swift; path = LoginScreen.swift; sourceTree = "<group>"; };
		A3891E8E28FA4A2F00CEB435 /* UserViewModel.swift */ = {isa = PBXFileReference; lastKnownFileType = sourcecode.swift; path = UserViewModel.swift; sourceTree = "<group>"; };
		A3891E9028FA4A8400CEB435 /* User.swift */ = {isa = PBXFileReference; lastKnownFileType = sourcecode.swift; path = User.swift; sourceTree = "<group>"; };
		A3891E9228FA4B2500CEB435 /* PopUpScreen.swift */ = {isa = PBXFileReference; lastKnownFileType = sourcecode.swift; path = PopUpScreen.swift; sourceTree = "<group>"; };
		A3891E9428FA4C9F00CEB435 /* GoogleService-Info.plist */ = {isa = PBXFileReference; fileEncoding = 4; lastKnownFileType = text.plist.xml; path = "GoogleService-Info.plist"; sourceTree = "<group>"; };
		D5F2DC4328FAF5930045D51D /* School.swift */ = {isa = PBXFileReference; lastKnownFileType = sourcecode.swift; path = School.swift; sourceTree = "<group>"; };
		D5F2DC4528FAF85D0045D51D /* SchoolViewModel.swift */ = {isa = PBXFileReference; lastKnownFileType = sourcecode.swift; path = SchoolViewModel.swift; sourceTree = "<group>"; };
/* End PBXFileReference section */

/* Begin PBXFrameworksBuildPhase section */
		A36E154728FA435700239E22 /* Frameworks */ = {
			isa = PBXFrameworksBuildPhase;
			buildActionMask = 2147483647;
			files = (
				A3891E9828FA4DC700CEB435 /* FirebaseAuth in Frameworks */,
				A3891E9A28FA4DC700CEB435 /* FirebaseFirestore in Frameworks */,
				A3891E9C28FA4DC700CEB435 /* FirebaseFirestoreSwift in Frameworks */,
			);
			runOnlyForDeploymentPostprocessing = 0;
		};
/* End PBXFrameworksBuildPhase section */

/* Begin PBXGroup section */
		A36E154128FA435700239E22 = {
			isa = PBXGroup;
			children = (
				A36E154C28FA435700239E22 /* eduSafe */,
				A36E154B28FA435700239E22 /* Products */,
			);
			sourceTree = "<group>";
		};
		A36E154B28FA435700239E22 /* Products */ = {
			isa = PBXGroup;
			children = (
				A36E154A28FA435700239E22 /* eduSafe.app */,
			);
			name = Products;
			sourceTree = "<group>";
		};
		A36E154C28FA435700239E22 /* eduSafe */ = {
			isa = PBXGroup;
			children = (
				A3891E9428FA4C9F00CEB435 /* GoogleService-Info.plist */,
				A36E155D28FA462000239E22 /* View */,
				A36E154D28FA435700239E22 /* eduSafeApp.swift */,
				A36E155B28FA45FC00239E22 /* Model + Controller */,
				A36E155128FA435800239E22 /* Assets.xcassets */,
				A36E155328FA435800239E22 /* Preview Content */,
			);
			path = eduSafe;
			sourceTree = "<group>";
		};
		A36E155328FA435800239E22 /* Preview Content */ = {
			isa = PBXGroup;
			children = (
				A36E155428FA435800239E22 /* Preview Assets.xcassets */,
			);
			path = "Preview Content";
			sourceTree = "<group>";
		};
		A36E155B28FA45FC00239E22 /* Model + Controller */ = {
			isa = PBXGroup;
			children = (
				A3891E8E28FA4A2F00CEB435 /* UserViewModel.swift */,
				A3891E9028FA4A8400CEB435 /* User.swift */,
				D5F2DC4328FAF5930045D51D /* School.swift */,
				D5F2DC4528FAF85D0045D51D /* SchoolViewModel.swift */,
			);
			path = "Model + Controller";
			sourceTree = "<group>";
		};
		A36E155D28FA462000239E22 /* View */ = {
			isa = PBXGroup;
			children = (
				A3891E9228FA4B2500CEB435 /* PopUpScreen.swift */,
				A3891E8C28FA478B00CEB435 /* LoginScreen.swift */,
			);
			path = View;
			sourceTree = "<group>";
		};
/* End PBXGroup section */

/* Begin PBXNativeTarget section */
		A36E154928FA435700239E22 /* eduSafe */ = {
			isa = PBXNativeTarget;
			buildConfigurationList = A36E155828FA435800239E22 /* Build configuration list for PBXNativeTarget "eduSafe" */;
			buildPhases = (
				A36E154628FA435700239E22 /* Sources */,
				A36E154728FA435700239E22 /* Frameworks */,
				A36E154828FA435700239E22 /* Resources */,
			);
			buildRules = (
			);
			dependencies = (
			);
			name = eduSafe;
			packageProductDependencies = (
				A3891E9728FA4DC700CEB435 /* FirebaseAuth */,
				A3891E9928FA4DC700CEB435 /* FirebaseFirestore */,
				A3891E9B28FA4DC700CEB435 /* FirebaseFirestoreSwift */,
			);
			productName = eduSafe;
			productReference = A36E154A28FA435700239E22 /* eduSafe.app */;
			productType = "com.apple.product-type.application";
		};
/* End PBXNativeTarget section */

/* Begin PBXProject section */
		A36E154228FA435700239E22 /* Project object */ = {
			isa = PBXProject;
			attributes = {
				BuildIndependentTargetsInParallel = 1;
				LastSwiftUpdateCheck = 1400;
				LastUpgradeCheck = 1400;
				TargetAttributes = {
					A36E154928FA435700239E22 = {
						CreatedOnToolsVersion = 14.0.1;
					};
				};
			};
			buildConfigurationList = A36E154528FA435700239E22 /* Build configuration list for PBXProject "eduSafe" */;
			compatibilityVersion = "Xcode 14.0";
			developmentRegion = en;
			hasScannedForEncodings = 0;
			knownRegions = (
				en,
				Base,
			);
			mainGroup = A36E154128FA435700239E22;
			packageReferences = (
				A3891E9628FA4DC700CEB435 /* XCRemoteSwiftPackageReference "firebase-ios-sdk" */,
			);
			productRefGroup = A36E154B28FA435700239E22 /* Products */;
			projectDirPath = "";
			projectRoot = "";
			targets = (
				A36E154928FA435700239E22 /* eduSafe */,
			);
		};
/* End PBXProject section */

/* Begin PBXResourcesBuildPhase section */
		A36E154828FA435700239E22 /* Resources */ = {
			isa = PBXResourcesBuildPhase;
			buildActionMask = 2147483647;
			files = (
				A36E155528FA435800239E22 /* Preview Assets.xcassets in Resources */,
				A36E155228FA435800239E22 /* Assets.xcassets in Resources */,
				A3891E9528FA4C9F00CEB435 /* GoogleService-Info.plist in Resources */,
			);
			runOnlyForDeploymentPostprocessing = 0;
		};
/* End PBXResourcesBuildPhase section */

/* Begin PBXSourcesBuildPhase section */
		A36E154628FA435700239E22 /* Sources */ = {
			isa = PBXSourcesBuildPhase;
			buildActionMask = 2147483647;
			files = (
				A3891E8F28FA4A2F00CEB435 /* UserViewModel.swift in Sources */,
				D5F2DC4428FAF5930045D51D /* School.swift in Sources */,
				A3891E9328FA4B2500CEB435 /* PopUpScreen.swift in Sources */,
				A36E154E28FA435700239E22 /* eduSafeApp.swift in Sources */,
				A3891E9128FA4A8400CEB435 /* User.swift in Sources */,
				A3891E8D28FA478B00CEB435 /* LoginScreen.swift in Sources */,
				D5F2DC4628FAF85D0045D51D /* SchoolViewModel.swift in Sources */,
			);
			runOnlyForDeploymentPostprocessing = 0;
		};
/* End PBXSourcesBuildPhase section */

/* Begin XCBuildConfiguration section */
		A36E155628FA435800239E22 /* Debug */ = {
			isa = XCBuildConfiguration;
			buildSettings = {
				ALWAYS_SEARCH_USER_PATHS = NO;
				CLANG_ANALYZER_NONNULL = YES;
				CLANG_ANALYZER_NUMBER_OBJECT_CONVERSION = YES_AGGRESSIVE;
				CLANG_CXX_LANGUAGE_STANDARD = "gnu++20";
				CLANG_ENABLE_MODULES = YES;
				CLANG_ENABLE_OBJC_ARC = YES;
				CLANG_ENABLE_OBJC_WEAK = YES;
				CLANG_WARN_BLOCK_CAPTURE_AUTORELEASING = YES;
				CLANG_WARN_BOOL_CONVERSION = YES;
				CLANG_WARN_COMMA = YES;
				CLANG_WARN_CONSTANT_CONVERSION = YES;
				CLANG_WARN_DEPRECATED_OBJC_IMPLEMENTATIONS = YES;
				CLANG_WARN_DIRECT_OBJC_ISA_USAGE = YES_ERROR;
				CLANG_WARN_DOCUMENTATION_COMMENTS = YES;
				CLANG_WARN_EMPTY_BODY = YES;
				CLANG_WARN_ENUM_CONVERSION = YES;
				CLANG_WARN_INFINITE_RECURSION = YES;
				CLANG_WARN_INT_CONVERSION = YES;
				CLANG_WARN_NON_LITERAL_NULL_CONVERSION = YES;
				CLANG_WARN_OBJC_IMPLICIT_RETAIN_SELF = YES;
				CLANG_WARN_OBJC_LITERAL_CONVERSION = YES;
				CLANG_WARN_OBJC_ROOT_CLASS = YES_ERROR;
				CLANG_WARN_QUOTED_INCLUDE_IN_FRAMEWORK_HEADER = YES;
				CLANG_WARN_RANGE_LOOP_ANALYSIS = YES;
				CLANG_WARN_STRICT_PROTOTYPES = YES;
				CLANG_WARN_SUSPICIOUS_MOVE = YES;
				CLANG_WARN_UNGUARDED_AVAILABILITY = YES_AGGRESSIVE;
				CLANG_WARN_UNREACHABLE_CODE = YES;
				CLANG_WARN__DUPLICATE_METHOD_MATCH = YES;
				COPY_PHASE_STRIP = NO;
				DEBUG_INFORMATION_FORMAT = dwarf;
				ENABLE_STRICT_OBJC_MSGSEND = YES;
				ENABLE_TESTABILITY = YES;
				GCC_C_LANGUAGE_STANDARD = gnu11;
				GCC_DYNAMIC_NO_PIC = NO;
				GCC_NO_COMMON_BLOCKS = YES;
				GCC_OPTIMIZATION_LEVEL = 0;
				GCC_PREPROCESSOR_DEFINITIONS = (
					"DEBUG=1",
					"$(inherited)",
				);
				GCC_WARN_64_TO_32_BIT_CONVERSION = YES;
				GCC_WARN_ABOUT_RETURN_TYPE = YES_ERROR;
				GCC_WARN_UNDECLARED_SELECTOR = YES;
				GCC_WARN_UNINITIALIZED_AUTOS = YES_AGGRESSIVE;
				GCC_WARN_UNUSED_FUNCTION = YES;
				GCC_WARN_UNUSED_VARIABLE = YES;
				IPHONEOS_DEPLOYMENT_TARGET = 16.0;
				MTL_ENABLE_DEBUG_INFO = INCLUDE_SOURCE;
				MTL_FAST_MATH = YES;
				ONLY_ACTIVE_ARCH = YES;
				SDKROOT = iphoneos;
				SWIFT_ACTIVE_COMPILATION_CONDITIONS = DEBUG;
				SWIFT_OPTIMIZATION_LEVEL = "-Onone";
			};
			name = Debug;
		};
		A36E155728FA435800239E22 /* Release */ = {
			isa = XCBuildConfiguration;
			buildSettings = {
				ALWAYS_SEARCH_USER_PATHS = NO;
				CLANG_ANALYZER_NONNULL = YES;
				CLANG_ANALYZER_NUMBER_OBJECT_CONVERSION = YES_AGGRESSIVE;
				CLANG_CXX_LANGUAGE_STANDARD = "gnu++20";
				CLANG_ENABLE_MODULES = YES;
				CLANG_ENABLE_OBJC_ARC = YES;
				CLANG_ENABLE_OBJC_WEAK = YES;
				CLANG_WARN_BLOCK_CAPTURE_AUTORELEASING = YES;
				CLANG_WARN_BOOL_CONVERSION = YES;
				CLANG_WARN_COMMA = YES;
				CLANG_WARN_CONSTANT_CONVERSION = YES;
				CLANG_WARN_DEPRECATED_OBJC_IMPLEMENTATIONS = YES;
				CLANG_WARN_DIRECT_OBJC_ISA_USAGE = YES_ERROR;
				CLANG_WARN_DOCUMENTATION_COMMENTS = YES;
				CLANG_WARN_EMPTY_BODY = YES;
				CLANG_WARN_ENUM_CONVERSION = YES;
				CLANG_WARN_INFINITE_RECURSION = YES;
				CLANG_WARN_INT_CONVERSION = YES;
				CLANG_WARN_NON_LITERAL_NULL_CONVERSION = YES;
				CLANG_WARN_OBJC_IMPLICIT_RETAIN_SELF = YES;
				CLANG_WARN_OBJC_LITERAL_CONVERSION = YES;
				CLANG_WARN_OBJC_ROOT_CLASS = YES_ERROR;
				CLANG_WARN_QUOTED_INCLUDE_IN_FRAMEWORK_HEADER = YES;
				CLANG_WARN_RANGE_LOOP_ANALYSIS = YES;
				CLANG_WARN_STRICT_PROTOTYPES = YES;
				CLANG_WARN_SUSPICIOUS_MOVE = YES;
				CLANG_WARN_UNGUARDED_AVAILABILITY = YES_AGGRESSIVE;
				CLANG_WARN_UNREACHABLE_CODE = YES;
				CLANG_WARN__DUPLICATE_METHOD_MATCH = YES;
				COPY_PHASE_STRIP = NO;
				DEBUG_INFORMATION_FORMAT = "dwarf-with-dsym";
				ENABLE_NS_ASSERTIONS = NO;
				ENABLE_STRICT_OBJC_MSGSEND = YES;
				GCC_C_LANGUAGE_STANDARD = gnu11;
				GCC_NO_COMMON_BLOCKS = YES;
				GCC_WARN_64_TO_32_BIT_CONVERSION = YES;
				GCC_WARN_ABOUT_RETURN_TYPE = YES_ERROR;
				GCC_WARN_UNDECLARED_SELECTOR = YES;
				GCC_WARN_UNINITIALIZED_AUTOS = YES_AGGRESSIVE;
				GCC_WARN_UNUSED_FUNCTION = YES;
				GCC_WARN_UNUSED_VARIABLE = YES;
				IPHONEOS_DEPLOYMENT_TARGET = 16.0;
				MTL_ENABLE_DEBUG_INFO = NO;
				MTL_FAST_MATH = YES;
				SDKROOT = iphoneos;
				SWIFT_COMPILATION_MODE = wholemodule;
				SWIFT_OPTIMIZATION_LEVEL = "-O";
				VALIDATE_PRODUCT = YES;
			};
			name = Release;
		};
		A36E155928FA435800239E22 /* Debug */ = {
			isa = XCBuildConfiguration;
			buildSettings = {
				ASSETCATALOG_COMPILER_APPICON_NAME = AppIcon;
				ASSETCATALOG_COMPILER_GLOBAL_ACCENT_COLOR_NAME = AccentColor;
				CODE_SIGN_STYLE = Automatic;
				CURRENT_PROJECT_VERSION = 1;
				DEVELOPMENT_ASSET_PATHS = "\"eduSafe/Preview Content\"";
				DEVELOPMENT_TEAM = KJ7YS82G45;
				ENABLE_PREVIEWS = YES;
				GENERATE_INFOPLIST_FILE = YES;
				INFOPLIST_KEY_UIApplicationSceneManifest_Generation = YES;
				INFOPLIST_KEY_UIApplicationSupportsIndirectInputEvents = YES;
				INFOPLIST_KEY_UILaunchScreen_Generation = YES;
				INFOPLIST_KEY_UISupportedInterfaceOrientations_iPad = "UIInterfaceOrientationPortrait UIInterfaceOrientationPortraitUpsideDown UIInterfaceOrientationLandscapeLeft UIInterfaceOrientationLandscapeRight";
				INFOPLIST_KEY_UISupportedInterfaceOrientations_iPhone = "UIInterfaceOrientationPortrait UIInterfaceOrientationLandscapeLeft UIInterfaceOrientationLandscapeRight";
				LD_RUNPATH_SEARCH_PATHS = (
					"$(inherited)",
					"@executable_path/Frameworks",
				);
				MARKETING_VERSION = 1.0;
				PRODUCT_BUNDLE_IDENTIFIER = co.aalbahar.eduSafe;
				PRODUCT_NAME = "$(TARGET_NAME)";
				SWIFT_EMIT_LOC_STRINGS = YES;
				SWIFT_VERSION = 5.0;
				TARGETED_DEVICE_FAMILY = "1,2";
			};
			name = Debug;
		};
		A36E155A28FA435800239E22 /* Release */ = {
			isa = XCBuildConfiguration;
			buildSettings = {
				ASSETCATALOG_COMPILER_APPICON_NAME = AppIcon;
				ASSETCATALOG_COMPILER_GLOBAL_ACCENT_COLOR_NAME = AccentColor;
				CODE_SIGN_STYLE = Automatic;
				CURRENT_PROJECT_VERSION = 1;
				DEVELOPMENT_ASSET_PATHS = "\"eduSafe/Preview Content\"";
				DEVELOPMENT_TEAM = KJ7YS82G45;
				ENABLE_PREVIEWS = YES;
				GENERATE_INFOPLIST_FILE = YES;
				INFOPLIST_KEY_UIApplicationSceneManifest_Generation = YES;
				INFOPLIST_KEY_UIApplicationSupportsIndirectInputEvents = YES;
				INFOPLIST_KEY_UILaunchScreen_Generation = YES;
				INFOPLIST_KEY_UISupportedInterfaceOrientations_iPad = "UIInterfaceOrientationPortrait UIInterfaceOrientationPortraitUpsideDown UIInterfaceOrientationLandscapeLeft UIInterfaceOrientationLandscapeRight";
				INFOPLIST_KEY_UISupportedInterfaceOrientations_iPhone = "UIInterfaceOrientationPortrait UIInterfaceOrientationLandscapeLeft UIInterfaceOrientationLandscapeRight";
				LD_RUNPATH_SEARCH_PATHS = (
					"$(inherited)",
					"@executable_path/Frameworks",
				);
				MARKETING_VERSION = 1.0;
				PRODUCT_BUNDLE_IDENTIFIER = co.aalbahar.eduSafe;
				PRODUCT_NAME = "$(TARGET_NAME)";
				SWIFT_EMIT_LOC_STRINGS = YES;
				SWIFT_VERSION = 5.0;
				TARGETED_DEVICE_FAMILY = "1,2";
			};
			name = Release;
		};
/* End XCBuildConfiguration section */

/* Begin XCConfigurationList section */
		A36E154528FA435700239E22 /* Build configuration list for PBXProject "eduSafe" */ = {
			isa = XCConfigurationList;
			buildConfigurations = (
				A36E155628FA435800239E22 /* Debug */,
				A36E155728FA435800239E22 /* Release */,
			);
			defaultConfigurationIsVisible = 0;
			defaultConfigurationName = Release;
		};
		A36E155828FA435800239E22 /* Build configuration list for PBXNativeTarget "eduSafe" */ = {
			isa = XCConfigurationList;
			buildConfigurations = (
				A36E155928FA435800239E22 /* Debug */,
				A36E155A28FA435800239E22 /* Release */,
			);
			defaultConfigurationIsVisible = 0;
			defaultConfigurationName = Release;
		};
/* End XCConfigurationList section */

/* Begin XCRemoteSwiftPackageReference section */
		A3891E9628FA4DC700CEB435 /* XCRemoteSwiftPackageReference "firebase-ios-sdk" */ = {
			isa = XCRemoteSwiftPackageReference;
			repositoryURL = "https://github.com/firebase/firebase-ios-sdk.git";
			requirement = {
				kind = upToNextMajorVersion;
				minimumVersion = 9.0.0;
			};
		};
/* End XCRemoteSwiftPackageReference section */

/* Begin XCSwiftPackageProductDependency section */
		A3891E9728FA4DC700CEB435 /* FirebaseAuth */ = {
			isa = XCSwiftPackageProductDependency;
			package = A3891E9628FA4DC700CEB435 /* XCRemoteSwiftPackageReference "firebase-ios-sdk" */;
			productName = FirebaseAuth;
		};
		A3891E9928FA4DC700CEB435 /* FirebaseFirestore */ = {
			isa = XCSwiftPackageProductDependency;
			package = A3891E9628FA4DC700CEB435 /* XCRemoteSwiftPackageReference "firebase-ios-sdk" */;
			productName = FirebaseFirestore;
		};
		A3891E9B28FA4DC700CEB435 /* FirebaseFirestoreSwift */ = {
			isa = XCSwiftPackageProductDependency;
			package = A3891E9628FA4DC700CEB435 /* XCRemoteSwiftPackageReference "firebase-ios-sdk" */;
			productName = FirebaseFirestoreSwift;
		};
/* End XCSwiftPackageProductDependency section */
	};
	rootObject = A36E154228FA435700239E22 /* Project object */;
}
